
Microsoft Visual Studio Solution File, Format Version 12.00
# Visual Studio 15
VisualStudioVersion = 15.0.28307.705
MinimumVisualStudioVersion = 10.0.40219.1
Project("{FAE04EC0-301F-11D3-BF4B-00C04F79EFBC}") = "SignalRSpotify", "SignalRSpotify\SignalRSpotify.csproj", "{9AADD909-F3F7-4CFA-A896-07AD4E7DA99D}"
EndProject
Global
	GlobalSection(SolutionConfigurationPlatforms) = preSolution
		Debug|Any CPU = Debug|Any CPU
		Release|Any CPU = Release|Any CPU
	EndGlobalSection
	GlobalSection(ProjectConfigurationPlatforms) = postSolution
		{9AADD909-F3F7-4CFA-A896-07AD4E7DA99D}.Debug|Any CPU.ActiveCfg = Debug|Any CPU
		{9AADD909-F3F7-4CFA-A896-07AD4E7DA99D}.Debug|Any CPU.Build.0 = Debug|Any CPU
		{9AADD909-F3F7-4CFA-A896-07AD4E7DA99D}.Release|Any CPU.ActiveCfg = Release|Any CPU
		{9AADD909-F3F7-4CFA-A896-07AD4E7DA99D}.Release|Any CPU.Build.0 = Release|Any CPU
	EndGlobalSection
	GlobalSection(SolutionProperties) = preSolution
		HideSolutionNode = FALSE
	EndGlobalSection
	GlobalSection(ExtensibilityGlobals) = postSolution
		SolutionGuid = {56692EA2-01AA-4811-9CE7-5E18BD9F7E6E}
	EndGlobalSection
EndGlobal
